
Microsoft Visual Studio Solution File, Format Version 12.00
# Visual Studio Version 17
VisualStudioVersion = 17.9.34902.65
MinimumVisualStudioVersion = 10.0.40219.1
Project("{FAE04EC0-301F-11D3-BF4B-00C04F79EFBC}") = "POEPart2ST10034968", "POEPart2ST10034968\POEPart2ST10034968.csproj", "{9754C504-BBD7-496A-94F4-0A6F05A044DD}"
EndProject
Global
	GlobalSection(SolutionConfigurationPlatforms) = preSolution
		Debug|Any CPU = Debug|Any CPU
		Release|Any CPU = Release|Any CPU
	EndGlobalSection
	GlobalSection(ProjectConfigurationPlatforms) = postSolution
		{9754C504-BBD7-496A-94F4-0A6F05A044DD}.Debug|Any CPU.ActiveCfg = Debug|Any CPU
		{9754C504-BBD7-496A-94F4-0A6F05A044DD}.Debug|Any CPU.Build.0 = Debug|Any CPU
		{9754C504-BBD7-496A-94F4-0A6F05A044DD}.Release|Any CPU.ActiveCfg = Release|Any CPU
		{9754C504-BBD7-496A-94F4-0A6F05A044DD}.Release|Any CPU.Build.0 = Release|Any CPU
	EndGlobalSection
	GlobalSection(SolutionProperties) = preSolution
		HideSolutionNode = FALSE
	EndGlobalSection
	GlobalSection(ExtensibilityGlobals) = postSolution
		SolutionGuid = {868A21DD-3EFD-478B-ACB2-AB615FAD8926}
	EndGlobalSection
EndGlobal
